
Microsoft Visual Studio Solution File, Format Version 11.00
# Visual Studio 2010
Project("{FAE04EC0-301F-11D3-BF4B-00C04F79EFBC}") = "MyLearnGUI", "MyLearnGUI\MyLearnGUI.csproj", "{30B39DB3-A671-422B-8C47-423FDDCB76FF}"
EndProject
Project("{FAE04EC0-301F-11D3-BF4B-00C04F79EFBC}") = "MyLearn", "MyLearn\MyLearn.csproj", "{14008288-5A3A-4245-9BD7-E5E0203C9260}"
EndProject
Global
	GlobalSection(SolutionConfigurationPlatforms) = preSolution
		Debug|Any CPU = Debug|Any CPU
		Debug|Mixed Platforms = Debug|Mixed Platforms
		Debug|x86 = Debug|x86
		Release|Any CPU = Release|Any CPU
		Release|Mixed Platforms = Release|Mixed Platforms
		Release|x86 = Release|x86
	EndGlobalSection
	GlobalSection(ProjectConfigurationPlatforms) = postSolution
		{30B39DB3-A671-422B-8C47-423FDDCB76FF}.Debug|Any CPU.ActiveCfg = Debug|x86
		{30B39DB3-A671-422B-8C47-423FDDCB76FF}.Debug|Mixed Platforms.ActiveCfg = Debug|x86
		{30B39DB3-A671-422B-8C47-423FDDCB76FF}.Debug|Mixed Platforms.Build.0 = Debug|x86
		{30B39DB3-A671-422B-8C47-423FDDCB76FF}.Debug|x86.ActiveCfg = Debug|x86
		{30B39DB3-A671-422B-8C47-423FDDCB76FF}.Debug|x86.Build.0 = Debug|x86
		{30B39DB3-A671-422B-8C47-423FDDCB76FF}.Release|Any CPU.ActiveCfg = Release|x86
		{30B39DB3-A671-422B-8C47-423FDDCB76FF}.Release|Mixed Platforms.ActiveCfg = Release|x86
		{30B39DB3-A671-422B-8C47-423FDDCB76FF}.Release|Mixed Platforms.Build.0 = Release|x86
		{30B39DB3-A671-422B-8C47-423FDDCB76FF}.Release|x86.ActiveCfg = Release|x86
		{30B39DB3-A671-422B-8C47-423FDDCB76FF}.Release|x86.Build.0 = Release|x86
		{14008288-5A3A-4245-9BD7-E5E0203C9260}.Debug|Any CPU.ActiveCfg = Debug|Any CPU
		{14008288-5A3A-4245-9BD7-E5E0203C9260}.Debug|Any CPU.Build.0 = Debug|Any CPU
		{14008288-5A3A-4245-9BD7-E5E0203C9260}.Debug|Mixed Platforms.ActiveCfg = Debug|Any CPU
		{14008288-5A3A-4245-9BD7-E5E0203C9260}.Debug|Mixed Platforms.Build.0 = Debug|Any CPU
		{14008288-5A3A-4245-9BD7-E5E0203C9260}.Debug|x86.ActiveCfg = Debug|Any CPU
		{14008288-5A3A-4245-9BD7-E5E0203C9260}.Release|Any CPU.ActiveCfg = Release|Any CPU
		{14008288-5A3A-4245-9BD7-E5E0203C9260}.Release|Any CPU.Build.0 = Release|Any CPU
		{14008288-5A3A-4245-9BD7-E5E0203C9260}.Release|Mixed Platforms.ActiveCfg = Release|Any CPU
		{14008288-5A3A-4245-9BD7-E5E0203C9260}.Release|Mixed Platforms.Build.0 = Release|Any CPU
		{14008288-5A3A-4245-9BD7-E5E0203C9260}.Release|x86.ActiveCfg = Release|Any CPU
	EndGlobalSection
	GlobalSection(SolutionProperties) = preSolution
		HideSolutionNode = FALSE
	EndGlobalSection
EndGlobal
